<?xml version="1.0" encoding="utf-8"?>
<Project ToolsVersion="4.0" xmlns="http://schemas.microsoft.com/developer/msbuild/2003">
  <ItemGroup>
    <Filter Include="ソース ファイル">
      <UniqueIdentifier>{4FC737F1-C7A5-4376-A066-2A32D752A2FF}</UniqueIdentifier>
      <Extensions>cpp;c;cc;cxx;c++;def;odl;idl;hpj;bat;asm;asmx</Extensions>
    </Filter>
    <Filter Include="ヘッダー ファイル">
      <UniqueIdentifier>{93995380-89BD-4b04-88EB-625FBE52EBFB}</UniqueIdentifier>
      <Extensions>h;hh;hpp;hxx;h++;hm;inl;inc;ipp;xsd</Extensions>
    </Filter>
    <Filter Include="リソース ファイル">
      <UniqueIdentifier>{67DA6AB6-F800-4c08-8B7A-83BB121AAD01}</UniqueIdentifier>
      <Extensions>rc;ico;cur;bmp;dlg;rc2;rct;bin;rgs;gif;jpg;jpeg;jpe;resx;tiff;tif;png;wav;mfcribbon-ms</Extensions>
    </Filter>
    <Filter Include="ソース ファイル\Order">
      <UniqueIdentifier>{cadf156c-cd62-4dc9-b104-3ef3f49c466a}</UniqueIdentifier>
    </Filter>
    <Filter Include="ソース ファイル\Sort">
      <UniqueIdentifier>{14f21b77-5984-45be-97ff-149cadf2ebe2}</UniqueIdentifier>
    </Filter>
    <Filter Include="ソース ファイル\DataStructure">
      <UniqueIdentifier>{cd39ea91-2676-4165-ba77-2b902f618e17}</UniqueIdentifier>
    </Filter>
    <Filter Include="ヘッダー ファイル\TestGen">
      <UniqueIdentifier>{c7cffea8-b9ef-4f9c-bf1f-1d0cefd13530}</UniqueIdentifier>
    </Filter>
    <Filter Include="ヘッダー ファイル\TestGen\MaximumProfit">
      <UniqueIdentifier>{7395e2df-f96d-4167-b2ff-c40b193dabbf}</UniqueIdentifier>
    </Filter>
    <Filter Include="ソース ファイル\TestGen">
      <UniqueIdentifier>{e038f483-2b24-4ef7-80eb-a71ff6df3e41}</UniqueIdentifier>
    </Filter>
    <Filter Include="ソース ファイル\TestGen\MaximumProfit">
      <UniqueIdentifier>{f81a40e6-ddec-4e4f-b7e1-202a35ce9b77}</UniqueIdentifier>
    </Filter>
  </ItemGroup>
  <ItemGroup>
    <ClCompile Include="CppAlgorithm.cpp">
      <Filter>ソース ファイル</Filter>
    </ClCompile>
    <ClCompile Include="MaximumProfit.cpp">
      <Filter>ソース ファイル\Order</Filter>
    </ClCompile>
    <ClCompile Include="InsertionSort.cpp">
      <Filter>ソース ファイル\Sort</Filter>
    </ClCompile>
    <ClCompile Include="BubbleSort.cpp">
      <Filter>ソース ファイル\Sort</Filter>
    </ClCompile>
    <ClCompile Include="SelectionSort.cpp">
      <Filter>ソース ファイル\Sort</Filter>
    </ClCompile>
    <ClCompile Include="StableSort.cpp">
      <Filter>ソース ファイル\Sort</Filter>
    </ClCompile>
    <ClCompile Include="ShellSort.cpp">
      <Filter>ソース ファイル\Sort</Filter>
    </ClCompile>
    <ClCompile Include="Stack.cpp">
      <Filter>ソース ファイル\DataStructure</Filter>
    </ClCompile>
    <ClCompile Include="Queue.cpp">
      <Filter>ソース ファイル\DataStructure</Filter>
    </ClCompile>
    <ClCompile Include="LinkedList.cpp">
      <Filter>ソース ファイル\DataStructure</Filter>
    </ClCompile>
    <ClCompile Include="TestGen\MaximumProfit\MaximumProfitTestGen.cpp">
      <Filter>ソース ファイル\TestGen\MaximumProfit</Filter>
    </ClCompile>
  </ItemGroup>
  <ItemGroup>
    <ClInclude Include="DebugMenu.h">
      <Filter>ヘッダー ファイル</Filter>
    </ClInclude>
    <ClInclude Include="TestGen\TestGenInterface.h">
      <Filter>ヘッダー ファイル\TestGen</Filter>
    </ClInclude>
    <ClInclude Include="TestGen\MaximumProfit\MaximumProfitTestGen.h">
      <Filter>ヘッダー ファイル\TestGen\MaximumProfit</Filter>
    </ClInclude>
    <ClInclude Include="TestGen\TestGen.h">
      <Filter>ヘッダー ファイル\TestGen</Filter>
    </ClInclude>
  </ItemGroup>
</Project>